
Microsoft Visual Studio Solution File, Format Version 12.00
# Visual Studio 15
VisualStudioVersion = 15.0.28307.168
MinimumVisualStudioVersion = 10.0.40219.1
Project("{888888A0-9F3D-457C-B088-3A5042F75D52}") = "Django-Test", "Django-Test\Django-Test.pyproj", "{B4156E3D-8F74-4450-B8F7-7391CEEC0E3A}"
EndProject
Global
	GlobalSection(SolutionConfigurationPlatforms) = preSolution
		Debug|Any CPU = Debug|Any CPU
		Release|Any CPU = Release|Any CPU
	EndGlobalSection
	GlobalSection(ProjectConfigurationPlatforms) = postSolution
		{B4156E3D-8F74-4450-B8F7-7391CEEC0E3A}.Debug|Any CPU.ActiveCfg = Debug|Any CPU
		{B4156E3D-8F74-4450-B8F7-7391CEEC0E3A}.Debug|Any CPU.Build.0 = Debug|Any CPU
		{B4156E3D-8F74-4450-B8F7-7391CEEC0E3A}.Release|Any CPU.ActiveCfg = Release|Any CPU
		{B4156E3D-8F74-4450-B8F7-7391CEEC0E3A}.Release|Any CPU.Build.0 = Release|Any CPU
	EndGlobalSection
	GlobalSection(SolutionProperties) = preSolution
		HideSolutionNode = FALSE
	EndGlobalSection
	GlobalSection(ExtensibilityGlobals) = postSolution
		SolutionGuid = {B2C18650-BDBF-4748-90CD-E424D92D3270}
	EndGlobalSection
EndGlobal
